{
  "version": 1,
  "dependencies": {
    "net10.0-windows7.0": {
      "LibVLCSharp.WinForms": {
        "type": "Direct",
        "requested": "[3.9.6, )",
        "resolved": "3.9.6",
        "contentHash": "k6yqQRVzRSY6Tt2tPkq31x46aEpjPDTwhy2n/v251nbqQxMQZqdWHlbnnEXfHYI77pIDVpyRXIcUknoZFlXCXQ==",
        "dependencies": {
          "LibVLCSharp": "3.9.6"
        }
      },
      "Microsoft.NET.ILLink.Tasks": {
        "type": "Direct",
        "requested": "[10.0.9, )",
        "resolved": "10.0.9",
        "contentHash": "4Iw41e2h7I4t70SJcX2GCmbyKJIlA273Cfm9RJMM050/3VBejGAG1KcthP5Z2L6SQcbfbf6BhNWO26+ZG+GzMg=="
      },
      "Newtonsoft.Json": {
        "type": "Direct",
        "requested": "[13.0.4, )",
        "resolved": "13.0.4",
        "contentHash": "pdgNNMai3zv51W5aq268sujXUyx7SNdE2bj1wZcWjAQrKMFZV260lbqYop1d2GM67JI1huLRwxo9ZqnfF/lC6A=="
      },
      "SDL2-CS.NetCore": {
        "type": "Direct",
        "requested": "[2.0.8, )",
        "resolved": "2.0.8",
        "contentHash": "Nn1duzenQyZcFLkiA+hrFkOIB4+c1BbZzNyN2HqPg3+/wyaF2Yxeb8A5pbTmXoifTa3yjcURB+8CRE1GS8BpjA=="
      },
      "SharpDX": {
        "type": "Direct",
        "requested": "[4.2.0, )",
        "resolved": "4.2.0",
        "contentHash": "3pv0LFMvfK/dv1qISJnn8xBeeT6R/FRvr0EV4KI2DGsL84Qlv6P7isWqxGyU0LCwlSVCJN3jgHJ4Bl0KI2PJww==",
        "dependencies": {
          "NETStandard.Library": "1.6.1"
        }
      },
      "SharpDX.DirectInput": {
        "type": "Direct",
        "requested": "[4.2.0, )",
        "resolved": "4.2.0",
        "contentHash": "is6Lm9zULyeTbUaLXktF+MwzmUYE8jofhA+6qgR1HBIyRJ/c2rZbeG1VvvGf4w6ktfq/q3AvUWTNzwgdU/+XOg==",
        "dependencies": {
          "NETStandard.Library": "1.6.1",
          "SharpDX": "4.2.0"
        }
      },
      "SharpDX.XInput": {
        "type": "Direct",
        "requested": "[4.2.0, )",
        "resolved": "4.2.0",
        "contentHash": "mH3soea+aVUaTuFrkwx+zohklDvCczcgtuTiZJbOCyS5GZ/F9se4BsRJ86xTA9baf0drXYbZQj152PN7lnjiwg==",
        "dependencies": {
          "NETStandard.Library": "1.6.1",
          "SharpDX": "4.2.0"
        }
      },
      "VideoLAN.LibVLC.Windows": {
        "type": "Direct",
        "requested": "[3.0.23, )",
        "resolved": "3.0.23",
        "contentHash": "O/Elo/AxXutSJ/3Z0lIuXEm9tr1iVmUYcws4WB1X9zHgGcAHBBFk29u9B7GX8mxLLMx9e1A6n3h6C0WyTk3KeQ=="
      },
      "LibVLCSharp": {
        "type": "Transitive",
        "resolved": "3.9.6",
        "contentHash": "MVkeFzsA5nGi/G94CluNif9BQPVkVPv0cikm63YBc8U+AQY8DJTsPp/6YZMM9J5IUBMHLWzQBbT/Iwhp6sc6oA=="
      },
      "Microsoft.NETCore.Platforms": {
        "type": "Transitive",
        "resolved": "1.1.0",
        "contentHash": "kz0PEW2lhqygehI/d6XsPCQzD7ff7gUJaVGPVETX611eadGsA3A877GdSlU0LRVMCTH/+P3o2iDTak+S08V2+A=="
      },
      "NETStandard.Library": {
        "type": "Transitive",
        "resolved": "1.6.1",
        "contentHash": "WcSp3+vP+yHNgS8EV5J7pZ9IRpeDuARBPN28by8zqff1wJQXm26PVU8L3/fYLBJVU7BtDyqNVWq2KlCVvSSR4A==",
        "dependencies": {
          "Microsoft.NETCore.Platforms": "1.1.0"
        }
      }
    },
    "net10.0-windows7.0/win-x64": {}
  }
}